
Microsoft Visual Studio Solution File, Format Version 12.00
# Visual Studio Version 17
VisualStudioVersion = 17.1.32328.378
MinimumVisualStudioVersion = 10.0.40219.1
Project("{FAE04EC0-301F-11D3-BF4B-00C04F79EFBC}") = "SumProject", "SumProject\SumProject.csproj", "{0485D833-617D-4082-AAAB-7B44C3823174}"
EndProject
Project("{FAE04EC0-301F-11D3-BF4B-00C04F79EFBC}") = "SumTests", "SumTests\SumTests.csproj", "{7102796F-F0D9-425A-880E-BADE898CFC7C}"
EndProject
Global
	GlobalSection(SolutionConfigurationPlatforms) = preSolution
		Debug|Any CPU = Debug|Any CPU
		Release|Any CPU = Release|Any CPU
	EndGlobalSection
	GlobalSection(ProjectConfigurationPlatforms) = postSolution
		{0485D833-617D-4082-AAAB-7B44C3823174}.Debug|Any CPU.ActiveCfg = Debug|Any CPU
		{0485D833-617D-4082-AAAB-7B44C3823174}.Debug|Any CPU.Build.0 = Debug|Any CPU
		{0485D833-617D-4082-AAAB-7B44C3823174}.Release|Any CPU.ActiveCfg = Release|Any CPU
		{0485D833-617D-4082-AAAB-7B44C3823174}.Release|Any CPU.Build.0 = Release|Any CPU
		{7102796F-F0D9-425A-880E-BADE898CFC7C}.Debug|Any CPU.ActiveCfg = Debug|Any CPU
		{7102796F-F0D9-425A-880E-BADE898CFC7C}.Debug|Any CPU.Build.0 = Debug|Any CPU
		{7102796F-F0D9-425A-880E-BADE898CFC7C}.Release|Any CPU.ActiveCfg = Release|Any CPU
		{7102796F-F0D9-425A-880E-BADE898CFC7C}.Release|Any CPU.Build.0 = Release|Any CPU
	EndGlobalSection
	GlobalSection(SolutionProperties) = preSolution
		HideSolutionNode = FALSE
	EndGlobalSection
	GlobalSection(ExtensibilityGlobals) = postSolution
		SolutionGuid = {F674AD05-F5FD-43BB-B51C-244C763A3FD9}
	EndGlobalSection
EndGlobal
