
Microsoft Visual Studio Solution File, Format Version 12.00
# Visual Studio Version 17
VisualStudioVersion = 17.1.32328.378
MinimumVisualStudioVersion = 10.0.40219.1
Project("{9A19103F-16F7-4668-BE54-9A1E7A4F7556}") = "MultiplicationProject", "MultiplicationProject\MultiplicationProject.csproj", "{36EA8043-ACC7-4B1A-A3CE-776C0468F907}"
EndProject
Project("{9A19103F-16F7-4668-BE54-9A1E7A4F7556}") = "MultiplicationTests", "MultiplicationTests\MultiplicationTests.csproj", "{1C492C61-8663-49E6-AEA0-CAC8EE78C840}"
EndProject
Project("{FAE04EC0-301F-11D3-BF4B-00C04F79EFBC}") = "SubProject", "SubProject\SubProject.csproj", "{8990FE22-55FA-4E3B-BEAF-20A1EE9464B9}"
EndProject
Global
	GlobalSection(SolutionConfigurationPlatforms) = preSolution
		Debug|Any CPU = Debug|Any CPU
		Release|Any CPU = Release|Any CPU
	EndGlobalSection
	GlobalSection(ProjectConfigurationPlatforms) = postSolution
		{36EA8043-ACC7-4B1A-A3CE-776C0468F907}.Debug|Any CPU.ActiveCfg = Debug|Any CPU
		{36EA8043-ACC7-4B1A-A3CE-776C0468F907}.Debug|Any CPU.Build.0 = Debug|Any CPU
		{36EA8043-ACC7-4B1A-A3CE-776C0468F907}.Release|Any CPU.ActiveCfg = Release|Any CPU
		{36EA8043-ACC7-4B1A-A3CE-776C0468F907}.Release|Any CPU.Build.0 = Release|Any CPU
		{1C492C61-8663-49E6-AEA0-CAC8EE78C840}.Debug|Any CPU.ActiveCfg = Debug|Any CPU
		{1C492C61-8663-49E6-AEA0-CAC8EE78C840}.Debug|Any CPU.Build.0 = Debug|Any CPU
		{1C492C61-8663-49E6-AEA0-CAC8EE78C840}.Release|Any CPU.ActiveCfg = Release|Any CPU
		{1C492C61-8663-49E6-AEA0-CAC8EE78C840}.Release|Any CPU.Build.0 = Release|Any CPU
		{8990FE22-55FA-4E3B-BEAF-20A1EE9464B9}.Debug|Any CPU.ActiveCfg = Debug|Any CPU
		{8990FE22-55FA-4E3B-BEAF-20A1EE9464B9}.Debug|Any CPU.Build.0 = Debug|Any CPU
		{8990FE22-55FA-4E3B-BEAF-20A1EE9464B9}.Release|Any CPU.ActiveCfg = Release|Any CPU
		{8990FE22-55FA-4E3B-BEAF-20A1EE9464B9}.Release|Any CPU.Build.0 = Release|Any CPU
	EndGlobalSection
	GlobalSection(SolutionProperties) = preSolution
		HideSolutionNode = FALSE
	EndGlobalSection
	GlobalSection(ExtensibilityGlobals) = postSolution
		SolutionGuid = {723488FE-48AC-435F-9A65-9176F4BFAB00}
	EndGlobalSection
EndGlobal
